{
  "name": "example-cve-package",
  "version": "1.0.0",
  "lockfileVersion": 3,
  "requires": true,
  "packages": {
    "": {
      "name": "example-cve-package",
      "version": "1.0.0",
      "license": "ISC",
      "dependencies": {
        "express": "^4.17.0",
        "lodash": "^4.17.20"
      }
    },
    "node_modules/express": {
      "version": "4.17.1",
      "resolved": "https://registry.npmjs.org/express/-/express-4.17.1.tgz",
      "integrity": "sha512-NT9tE6kNOF87h2IUsGwhPOHo7c2EdBfok4EGmdLgZX0+44V5Nfz9gs3IhPgoHkXsowN7lZf8nCAhP5yVmzQbbQ==",
      "license": "MIT",
      "dependencies": {
        "accepts": "~1.3.7",
        "array-flatten": "1.1.1",
        "body-parser": "1.19.0",
        "content-disposition": "0.5.3",
        "cookie": "0.4.0",
        "cookie-signature": "1.0.6",
        "debug": "2.6.9",
        "depd": "~1.1.2",
        "destroy": "1.0.4",
        "escape-html": "1.0.3",
        "escape-string-regexp": "1.0.5",
        "etag": "1.8.1",
        "finalhandler": "1.1.2",
        "fresh": "0.5.2",
        "http-errors": "1.7.2",
        "iconv-lite": "0.4.24",
        "methods": "1.1.2",
        "on-finished": "2.3.0",
        "parseurl": "1.3.3",
        "path-to-regexp": "0.1.7",
        "proxy-addr": "~2.0.7",
        "qs": "6.7.0",
        "range-parser": "1.2.1",
        "safe-buffer": "5.2.1",
        "send": "0.17.1",
        "serve-static": "1.14.1",
        "setprototypeof": "1.1.1",
        "statuses": "1.5.0",
        "type-is": "1.6.18",
        "utils-merge": "1.0.1",
        "vary": "1.1.2"
      },
      "engines": {
        "node": ">= 0.10.0"
      },
      "cves": [
        {
          "id": "CVE-2020-28469",
          "description": "In Express.js before 4.17.1, the 'express' module was vulnerable to an information disclosure vulnerability in the `cookie-parser` module."
        },
        {
          "id": "CVE-2020-11080",
          "description": "Express versions before 4.17.1 have a vulnerability that allows an attacker to bypass security mechanisms by using malicious HTTP request headers."
        }
      ]
    },
    "node_modules/lodash": {
      "version": "4.17.20",
      "resolved": "https://registry.npmjs.org/lodash/-/lodash-4.17.20.tgz",
      "integrity": "sha512-pvzo0B8gM6mD8ZlqKfQ+H9NZOQizdDh3jo9K37To9yLtAq+qCzh7WzFyM9aK1qjHBCvOpseuPAV0L0yIM7y7CQ==",
      "license": "MIT",
      "dependencies": {},
      "engines": {
        "node": ">= 0.10.0"
      },
      "cves": [
        {
          "id": "CVE-2020-8203",
          "description": "Lodash before version 4.17.21 is vulnerable to prototype pollution. A malicious user can exploit this issue by sending specially crafted input to the `_.merge()` function."
        },
        {
          "id": "CVE-2019-10744",
          "description": "Lodash versions before 4.17.12 are vulnerable to a prototype pollution attack, which could lead to the overwriting of existing properties on objects."
        }
      ]
    }
  }
}
